
Microsoft Visual Studio Solution File, Format Version 12.00
# Visual Studio 14
VisualStudioVersion = 14.0.25123.0
MinimumVisualStudioVersion = 10.0.40219.1
Project("{FAE04EC0-301F-11D3-BF4B-00C04F79EFBC}") = "UwpWithMvvmDemo", "src\UwpWithMvvmDemo\UwpWithMvvmDemo.csproj", "{23148C14-A9F2-4B0E-ADD7-A3FCCB549032}"
EndProject
Project("{FAE04EC0-301F-11D3-BF4B-00C04F79EFBC}") = "UwpWithMvvmDemo.Models", "src\UwpWithMvvmDemo.Models\UwpWithMvvmDemo.Models.csproj", "{C2313698-2A1B-4BD7-9071-A2A1C46774B9}"
EndProject
Project("{FAE04EC0-301F-11D3-BF4B-00C04F79EFBC}") = "UwpWithMvvmDemo.ViewModels", "src\UwpWithMvvmDemo.ViewModels\UwpWithMvvmDemo.ViewModels.csproj", "{E9E7EA95-8B33-409B-B6E6-7394E597CFEA}"
EndProject
Project("{FAE04EC0-301F-11D3-BF4B-00C04F79EFBC}") = "UwpWithMvvmDemo.Common", "src\UwpWithMvvmDemo.Common\UwpWithMvvmDemo.Common.csproj", "{E5DC4E9B-04BA-45ED-8577-C5E39CD38B9F}"
EndProject
Project("{2150E333-8FDC-42A3-9474-1A3956D46DE8}") = "src", "src", "{FB63500B-E507-4C55-93C9-B9F453B27F39}"
EndProject
Global
	GlobalSection(SolutionConfigurationPlatforms) = preSolution
		Debug|Any CPU = Debug|Any CPU
		Debug|ARM = Debug|ARM
		Debug|x64 = Debug|x64
		Debug|x86 = Debug|x86
		Release|Any CPU = Release|Any CPU
		Release|ARM = Release|ARM
		Release|x64 = Release|x64
		Release|x86 = Release|x86
	EndGlobalSection
	GlobalSection(ProjectConfigurationPlatforms) = postSolution
		{23148C14-A9F2-4B0E-ADD7-A3FCCB549032}.Debug|Any CPU.ActiveCfg = Debug|x86
		{23148C14-A9F2-4B0E-ADD7-A3FCCB549032}.Debug|ARM.ActiveCfg = Debug|ARM
		{23148C14-A9F2-4B0E-ADD7-A3FCCB549032}.Debug|ARM.Build.0 = Debug|ARM
		{23148C14-A9F2-4B0E-ADD7-A3FCCB549032}.Debug|ARM.Deploy.0 = Debug|ARM
		{23148C14-A9F2-4B0E-ADD7-A3FCCB549032}.Debug|x64.ActiveCfg = Debug|x64
		{23148C14-A9F2-4B0E-ADD7-A3FCCB549032}.Debug|x64.Build.0 = Debug|x64
		{23148C14-A9F2-4B0E-ADD7-A3FCCB549032}.Debug|x64.Deploy.0 = Debug|x64
		{23148C14-A9F2-4B0E-ADD7-A3FCCB549032}.Debug|x86.ActiveCfg = Debug|x86
		{23148C14-A9F2-4B0E-ADD7-A3FCCB549032}.Debug|x86.Build.0 = Debug|x86
		{23148C14-A9F2-4B0E-ADD7-A3FCCB549032}.Debug|x86.Deploy.0 = Debug|x86
		{23148C14-A9F2-4B0E-ADD7-A3FCCB549032}.Release|Any CPU.ActiveCfg = Release|x86
		{23148C14-A9F2-4B0E-ADD7-A3FCCB549032}.Release|ARM.ActiveCfg = Release|ARM
		{23148C14-A9F2-4B0E-ADD7-A3FCCB549032}.Release|ARM.Build.0 = Release|ARM
		{23148C14-A9F2-4B0E-ADD7-A3FCCB549032}.Release|ARM.Deploy.0 = Release|ARM
		{23148C14-A9F2-4B0E-ADD7-A3FCCB549032}.Release|x64.ActiveCfg = Release|x64
		{23148C14-A9F2-4B0E-ADD7-A3FCCB549032}.Release|x64.Build.0 = Release|x64
		{23148C14-A9F2-4B0E-ADD7-A3FCCB549032}.Release|x64.Deploy.0 = Release|x64
		{23148C14-A9F2-4B0E-ADD7-A3FCCB549032}.Release|x86.ActiveCfg = Release|x86
		{23148C14-A9F2-4B0E-ADD7-A3FCCB549032}.Release|x86.Build.0 = Release|x86
		{23148C14-A9F2-4B0E-ADD7-A3FCCB549032}.Release|x86.Deploy.0 = Release|x86
		{C2313698-2A1B-4BD7-9071-A2A1C46774B9}.Debug|Any CPU.ActiveCfg = Debug|Any CPU
		{C2313698-2A1B-4BD7-9071-A2A1C46774B9}.Debug|Any CPU.Build.0 = Debug|Any CPU
		{C2313698-2A1B-4BD7-9071-A2A1C46774B9}.Debug|ARM.ActiveCfg = Debug|ARM
		{C2313698-2A1B-4BD7-9071-A2A1C46774B9}.Debug|ARM.Build.0 = Debug|ARM
		{C2313698-2A1B-4BD7-9071-A2A1C46774B9}.Debug|x64.ActiveCfg = Debug|x64
		{C2313698-2A1B-4BD7-9071-A2A1C46774B9}.Debug|x64.Build.0 = Debug|x64
		{C2313698-2A1B-4BD7-9071-A2A1C46774B9}.Debug|x86.ActiveCfg = Debug|x86
		{C2313698-2A1B-4BD7-9071-A2A1C46774B9}.Debug|x86.Build.0 = Debug|x86
		{C2313698-2A1B-4BD7-9071-A2A1C46774B9}.Release|Any CPU.ActiveCfg = Release|Any CPU
		{C2313698-2A1B-4BD7-9071-A2A1C46774B9}.Release|Any CPU.Build.0 = Release|Any CPU
		{C2313698-2A1B-4BD7-9071-A2A1C46774B9}.Release|ARM.ActiveCfg = Release|ARM
		{C2313698-2A1B-4BD7-9071-A2A1C46774B9}.Release|ARM.Build.0 = Release|ARM
		{C2313698-2A1B-4BD7-9071-A2A1C46774B9}.Release|x64.ActiveCfg = Release|x64
		{C2313698-2A1B-4BD7-9071-A2A1C46774B9}.Release|x64.Build.0 = Release|x64
		{C2313698-2A1B-4BD7-9071-A2A1C46774B9}.Release|x86.ActiveCfg = Release|x86
		{C2313698-2A1B-4BD7-9071-A2A1C46774B9}.Release|x86.Build.0 = Release|x86
		{E9E7EA95-8B33-409B-B6E6-7394E597CFEA}.Debug|Any CPU.ActiveCfg = Debug|Any CPU
		{E9E7EA95-8B33-409B-B6E6-7394E597CFEA}.Debug|Any CPU.Build.0 = Debug|Any CPU
		{E9E7EA95-8B33-409B-B6E6-7394E597CFEA}.Debug|ARM.ActiveCfg = Debug|ARM
		{E9E7EA95-8B33-409B-B6E6-7394E597CFEA}.Debug|ARM.Build.0 = Debug|ARM
		{E9E7EA95-8B33-409B-B6E6-7394E597CFEA}.Debug|x64.ActiveCfg = Debug|x64
		{E9E7EA95-8B33-409B-B6E6-7394E597CFEA}.Debug|x64.Build.0 = Debug|x64
		{E9E7EA95-8B33-409B-B6E6-7394E597CFEA}.Debug|x86.ActiveCfg = Debug|x86
		{E9E7EA95-8B33-409B-B6E6-7394E597CFEA}.Debug|x86.Build.0 = Debug|x86
		{E9E7EA95-8B33-409B-B6E6-7394E597CFEA}.Release|Any CPU.ActiveCfg = Release|Any CPU
		{E9E7EA95-8B33-409B-B6E6-7394E597CFEA}.Release|Any CPU.Build.0 = Release|Any CPU
		{E9E7EA95-8B33-409B-B6E6-7394E597CFEA}.Release|ARM.ActiveCfg = Release|ARM
		{E9E7EA95-8B33-409B-B6E6-7394E597CFEA}.Release|ARM.Build.0 = Release|ARM
		{E9E7EA95-8B33-409B-B6E6-7394E597CFEA}.Release|x64.ActiveCfg = Release|x64
		{E9E7EA95-8B33-409B-B6E6-7394E597CFEA}.Release|x64.Build.0 = Release|x64
		{E9E7EA95-8B33-409B-B6E6-7394E597CFEA}.Release|x86.ActiveCfg = Release|x86
		{E9E7EA95-8B33-409B-B6E6-7394E597CFEA}.Release|x86.Build.0 = Release|x86
		{E5DC4E9B-04BA-45ED-8577-C5E39CD38B9F}.Debug|Any CPU.ActiveCfg = Debug|Any CPU
		{E5DC4E9B-04BA-45ED-8577-C5E39CD38B9F}.Debug|Any CPU.Build.0 = Debug|Any CPU
		{E5DC4E9B-04BA-45ED-8577-C5E39CD38B9F}.Debug|ARM.ActiveCfg = Debug|ARM
		{E5DC4E9B-04BA-45ED-8577-C5E39CD38B9F}.Debug|ARM.Build.0 = Debug|ARM
		{E5DC4E9B-04BA-45ED-8577-C5E39CD38B9F}.Debug|x64.ActiveCfg = Debug|x64
		{E5DC4E9B-04BA-45ED-8577-C5E39CD38B9F}.Debug|x64.Build.0 = Debug|x64
		{E5DC4E9B-04BA-45ED-8577-C5E39CD38B9F}.Debug|x86.ActiveCfg = Debug|x86
		{E5DC4E9B-04BA-45ED-8577-C5E39CD38B9F}.Debug|x86.Build.0 = Debug|x86
		{E5DC4E9B-04BA-45ED-8577-C5E39CD38B9F}.Release|Any CPU.ActiveCfg = Release|Any CPU
		{E5DC4E9B-04BA-45ED-8577-C5E39CD38B9F}.Release|Any CPU.Build.0 = Release|Any CPU
		{E5DC4E9B-04BA-45ED-8577-C5E39CD38B9F}.Release|ARM.ActiveCfg = Release|ARM
		{E5DC4E9B-04BA-45ED-8577-C5E39CD38B9F}.Release|ARM.Build.0 = Release|ARM
		{E5DC4E9B-04BA-45ED-8577-C5E39CD38B9F}.Release|x64.ActiveCfg = Release|x64
		{E5DC4E9B-04BA-45ED-8577-C5E39CD38B9F}.Release|x64.Build.0 = Release|x64
		{E5DC4E9B-04BA-45ED-8577-C5E39CD38B9F}.Release|x86.ActiveCfg = Release|x86
		{E5DC4E9B-04BA-45ED-8577-C5E39CD38B9F}.Release|x86.Build.0 = Release|x86
	EndGlobalSection
	GlobalSection(SolutionProperties) = preSolution
		HideSolutionNode = FALSE
	EndGlobalSection
	GlobalSection(NestedProjects) = preSolution
		{23148C14-A9F2-4B0E-ADD7-A3FCCB549032} = {FB63500B-E507-4C55-93C9-B9F453B27F39}
		{C2313698-2A1B-4BD7-9071-A2A1C46774B9} = {FB63500B-E507-4C55-93C9-B9F453B27F39}
		{E9E7EA95-8B33-409B-B6E6-7394E597CFEA} = {FB63500B-E507-4C55-93C9-B9F453B27F39}
		{E5DC4E9B-04BA-45ED-8577-C5E39CD38B9F} = {FB63500B-E507-4C55-93C9-B9F453B27F39}
	EndGlobalSection
EndGlobal
